
Microsoft Visual Studio Solution File, Format Version 12.00
# Visual Studio Version 17
VisualStudioVersion = 17.13.35931.197 d17.13
MinimumVisualStudioVersion = 10.0.40219.1
Project("{FAE04EC0-301F-11D3-BF4B-00C04F79EFBC}") = "AcademiaDoZe", "AcademiaDoZe\AcademiaDoZe.csproj", "{A75DD2E8-2A8F-4710-87C6-B5C9E563968D}"
EndProject
Global
	GlobalSection(SolutionConfigurationPlatforms) = preSolution
		Debug|Any CPU = Debug|Any CPU
		Release|Any CPU = Release|Any CPU
	EndGlobalSection
	GlobalSection(ProjectConfigurationPlatforms) = postSolution
		{A75DD2E8-2A8F-4710-87C6-B5C9E563968D}.Debug|Any CPU.ActiveCfg = Debug|Any CPU
		{A75DD2E8-2A8F-4710-87C6-B5C9E563968D}.Debug|Any CPU.Build.0 = Debug|Any CPU
		{A75DD2E8-2A8F-4710-87C6-B5C9E563968D}.Release|Any CPU.ActiveCfg = Release|Any CPU
		{A75DD2E8-2A8F-4710-87C6-B5C9E563968D}.Release|Any CPU.Build.0 = Release|Any CPU
	EndGlobalSection
	GlobalSection(SolutionProperties) = preSolution
		HideSolutionNode = FALSE
	EndGlobalSection
	GlobalSection(ExtensibilityGlobals) = postSolution
		SolutionGuid = {BECA8AF0-FCD8-4561-B028-C7251DC626E3}
	EndGlobalSection
EndGlobal
